
Microsoft Visual Studio Solution File, Format Version 12.00
# Visual Studio Version 17
VisualStudioVersion = 17.0.32112.339
MinimumVisualStudioVersion = 10.0.40219.1
Project("{FAE04EC0-301F-11D3-BF4B-00C04F79EFBC}") = "csharpTrain", "csharpTrain.csproj", "{CECC6936-7832-4C06-9378-B570492DA91B}"
EndProject
Global
	GlobalSection(SolutionConfigurationPlatforms) = preSolution
		Debug|Any CPU = Debug|Any CPU
		Release|Any CPU = Release|Any CPU
	EndGlobalSection
	GlobalSection(ProjectConfigurationPlatforms) = postSolution
		{CECC6936-7832-4C06-9378-B570492DA91B}.Debug|Any CPU.ActiveCfg = Debug|Any CPU
		{CECC6936-7832-4C06-9378-B570492DA91B}.Debug|Any CPU.Build.0 = Debug|Any CPU
		{CECC6936-7832-4C06-9378-B570492DA91B}.Release|Any CPU.ActiveCfg = Release|Any CPU
		{CECC6936-7832-4C06-9378-B570492DA91B}.Release|Any CPU.Build.0 = Release|Any CPU
	EndGlobalSection
	GlobalSection(SolutionProperties) = preSolution
		HideSolutionNode = FALSE
	EndGlobalSection
	GlobalSection(ExtensibilityGlobals) = postSolution
		SolutionGuid = {FAF4462D-07FD-4FBD-A707-41FEAFFD35A2}
	EndGlobalSection
EndGlobal
